
Microsoft Visual Studio Solution File, Format Version 12.00
# Visual Studio 15
VisualStudioVersion = 15.0.26730.16
MinimumVisualStudioVersion = 10.0.40219.1
Project("{FAE04EC0-301F-11D3-BF4B-00C04F79EFBC}") = "AspNetMvcEcommerce", "AspNetMvcEcommerce\AspNetMvcEcommerce.csproj", "{3DB7D9E9-AA7F-4598-8B69-20BE9D692E66}"
EndProject
Project("{FAE04EC0-301F-11D3-BF4B-00C04F79EFBC}") = "Razor", "Razor\Razor.csproj", "{324EA23D-3682-490B-A165-5901FC49596A}"
EndProject
Project("{FAE04EC0-301F-11D3-BF4B-00C04F79EFBC}") = "TratamentoExcecoes", "TratamentoExcecoes\TratamentoExcecoes.csproj", "{10CE4FF1-D65D-4966-BAFB-937D8F4B425D}"
EndProject
Global
	GlobalSection(SolutionConfigurationPlatforms) = preSolution
		Debug|Any CPU = Debug|Any CPU
		Release|Any CPU = Release|Any CPU
	EndGlobalSection
	GlobalSection(ProjectConfigurationPlatforms) = postSolution
		{3DB7D9E9-AA7F-4598-8B69-20BE9D692E66}.Debug|Any CPU.ActiveCfg = Debug|Any CPU
		{3DB7D9E9-AA7F-4598-8B69-20BE9D692E66}.Debug|Any CPU.Build.0 = Debug|Any CPU
		{3DB7D9E9-AA7F-4598-8B69-20BE9D692E66}.Release|Any CPU.ActiveCfg = Release|Any CPU
		{3DB7D9E9-AA7F-4598-8B69-20BE9D692E66}.Release|Any CPU.Build.0 = Release|Any CPU
		{324EA23D-3682-490B-A165-5901FC49596A}.Debug|Any CPU.ActiveCfg = Debug|Any CPU
		{324EA23D-3682-490B-A165-5901FC49596A}.Debug|Any CPU.Build.0 = Debug|Any CPU
		{324EA23D-3682-490B-A165-5901FC49596A}.Release|Any CPU.ActiveCfg = Release|Any CPU
		{324EA23D-3682-490B-A165-5901FC49596A}.Release|Any CPU.Build.0 = Release|Any CPU
		{10CE4FF1-D65D-4966-BAFB-937D8F4B425D}.Debug|Any CPU.ActiveCfg = Debug|Any CPU
		{10CE4FF1-D65D-4966-BAFB-937D8F4B425D}.Debug|Any CPU.Build.0 = Debug|Any CPU
		{10CE4FF1-D65D-4966-BAFB-937D8F4B425D}.Release|Any CPU.ActiveCfg = Release|Any CPU
		{10CE4FF1-D65D-4966-BAFB-937D8F4B425D}.Release|Any CPU.Build.0 = Release|Any CPU
	EndGlobalSection
	GlobalSection(SolutionProperties) = preSolution
		HideSolutionNode = FALSE
	EndGlobalSection
	GlobalSection(ExtensibilityGlobals) = postSolution
		SolutionGuid = {EB24B5F5-6EDE-4EC7-99C1-BD4191F45989}
	EndGlobalSection
EndGlobal
