
Microsoft Visual Studio Solution File, Format Version 12.00
# Visual Studio 15
VisualStudioVersion = 15.0.26730.16
MinimumVisualStudioVersion = 10.0.40219.1
Project("{FAE04EC0-301F-11D3-BF4B-00C04F79EFBC}") = "AspNetMvcEcommerce_Final", "AspNetMvcEcommerce\AspNetMvcEcommerce_Final.csproj", "{3DB7D9E9-AA7F-4598-8B69-20BE9D692E66}"
EndProject
Project("{FAE04EC0-301F-11D3-BF4B-00C04F79EFBC}") = "Razor", "Razor\Razor.csproj", "{324EA23D-3682-490B-A165-5901FC49596A}"
EndProject
Project("{FAE04EC0-301F-11D3-BF4B-00C04F79EFBC}") = "TratamentoExcecoes", "TratamentoExcecoes\TratamentoExcecoes.csproj", "{10CE4FF1-D65D-4966-BAFB-937D8F4B425D}"
EndProject
Project("{FAE04EC0-301F-11D3-BF4B-00C04F79EFBC}") = "EntityFameworkCodeFirst", "EntityFameworkCodeFirst\EntityFameworkCodeFirst.csproj", "{9F4C5AA6-849F-4978-9205-FD8CC43EF49B}"
EndProject
Project("{FAE04EC0-301F-11D3-BF4B-00C04F79EFBC}") = "Identity", "Identity\Identity.csproj", "{C5AFC439-33BC-423E-ABF2-093816C105AB}"
EndProject
Project("{2150E333-8FDC-42A3-9474-1A3956D46DE8}") = "IntroducaoWeb", "IntroducaoWeb", "{A893CBDE-9E30-4940-BA46-4D8FB8C295EE}"
	ProjectSection(SolutionItems) = preProject
		IntroducaoWeb\html.html = IntroducaoWeb\html.html
		IntroducaoWeb\html_css.html = IntroducaoWeb\html_css.html
		IntroducaoWeb\html_css_javascript.html = IntroducaoWeb\html_css_javascript.html
	EndProjectSection
EndProject
Project("{2150E333-8FDC-42A3-9474-1A3956D46DE8}") = "MiniProjetos", "MiniProjetos", "{16FDFCE0-036F-4C35-88F7-A15DCFBF301B}"
EndProject
Project("{2150E333-8FDC-42A3-9474-1A3956D46DE8}") = "MeuEcommerce", "MeuEcommerce", "{16A63029-8DD0-4946-8107-5FAB9C7A4600}"
EndProject
Project("{FAE04EC0-301F-11D3-BF4B-00C04F79EFBC}") = "AspNetMvcEcommerce_Areas", "AspNetMvcEcommerce_Areas\AspNetMvcEcommerce_Areas.csproj", "{879EE6FA-AAD3-4F4D-8ADB-C78A05B470B0}"
EndProject
Global
	GlobalSection(SolutionConfigurationPlatforms) = preSolution
		Debug|Any CPU = Debug|Any CPU
		Release|Any CPU = Release|Any CPU
	EndGlobalSection
	GlobalSection(ProjectConfigurationPlatforms) = postSolution
		{3DB7D9E9-AA7F-4598-8B69-20BE9D692E66}.Debug|Any CPU.ActiveCfg = Debug|Any CPU
		{3DB7D9E9-AA7F-4598-8B69-20BE9D692E66}.Debug|Any CPU.Build.0 = Debug|Any CPU
		{3DB7D9E9-AA7F-4598-8B69-20BE9D692E66}.Release|Any CPU.ActiveCfg = Release|Any CPU
		{3DB7D9E9-AA7F-4598-8B69-20BE9D692E66}.Release|Any CPU.Build.0 = Release|Any CPU
		{324EA23D-3682-490B-A165-5901FC49596A}.Debug|Any CPU.ActiveCfg = Debug|Any CPU
		{324EA23D-3682-490B-A165-5901FC49596A}.Debug|Any CPU.Build.0 = Debug|Any CPU
		{324EA23D-3682-490B-A165-5901FC49596A}.Release|Any CPU.ActiveCfg = Release|Any CPU
		{324EA23D-3682-490B-A165-5901FC49596A}.Release|Any CPU.Build.0 = Release|Any CPU
		{10CE4FF1-D65D-4966-BAFB-937D8F4B425D}.Debug|Any CPU.ActiveCfg = Debug|Any CPU
		{10CE4FF1-D65D-4966-BAFB-937D8F4B425D}.Debug|Any CPU.Build.0 = Debug|Any CPU
		{10CE4FF1-D65D-4966-BAFB-937D8F4B425D}.Release|Any CPU.ActiveCfg = Release|Any CPU
		{10CE4FF1-D65D-4966-BAFB-937D8F4B425D}.Release|Any CPU.Build.0 = Release|Any CPU
		{9F4C5AA6-849F-4978-9205-FD8CC43EF49B}.Debug|Any CPU.ActiveCfg = Debug|Any CPU
		{9F4C5AA6-849F-4978-9205-FD8CC43EF49B}.Debug|Any CPU.Build.0 = Debug|Any CPU
		{9F4C5AA6-849F-4978-9205-FD8CC43EF49B}.Release|Any CPU.ActiveCfg = Release|Any CPU
		{9F4C5AA6-849F-4978-9205-FD8CC43EF49B}.Release|Any CPU.Build.0 = Release|Any CPU
		{C5AFC439-33BC-423E-ABF2-093816C105AB}.Debug|Any CPU.ActiveCfg = Debug|Any CPU
		{C5AFC439-33BC-423E-ABF2-093816C105AB}.Debug|Any CPU.Build.0 = Debug|Any CPU
		{C5AFC439-33BC-423E-ABF2-093816C105AB}.Release|Any CPU.ActiveCfg = Release|Any CPU
		{C5AFC439-33BC-423E-ABF2-093816C105AB}.Release|Any CPU.Build.0 = Release|Any CPU
		{879EE6FA-AAD3-4F4D-8ADB-C78A05B470B0}.Debug|Any CPU.ActiveCfg = Debug|Any CPU
		{879EE6FA-AAD3-4F4D-8ADB-C78A05B470B0}.Debug|Any CPU.Build.0 = Debug|Any CPU
		{879EE6FA-AAD3-4F4D-8ADB-C78A05B470B0}.Release|Any CPU.ActiveCfg = Release|Any CPU
		{879EE6FA-AAD3-4F4D-8ADB-C78A05B470B0}.Release|Any CPU.Build.0 = Release|Any CPU
	EndGlobalSection
	GlobalSection(SolutionProperties) = preSolution
		HideSolutionNode = FALSE
	EndGlobalSection
	GlobalSection(NestedProjects) = preSolution
		{3DB7D9E9-AA7F-4598-8B69-20BE9D692E66} = {16A63029-8DD0-4946-8107-5FAB9C7A4600}
		{324EA23D-3682-490B-A165-5901FC49596A} = {16FDFCE0-036F-4C35-88F7-A15DCFBF301B}
		{10CE4FF1-D65D-4966-BAFB-937D8F4B425D} = {16FDFCE0-036F-4C35-88F7-A15DCFBF301B}
		{9F4C5AA6-849F-4978-9205-FD8CC43EF49B} = {16FDFCE0-036F-4C35-88F7-A15DCFBF301B}
		{C5AFC439-33BC-423E-ABF2-093816C105AB} = {16FDFCE0-036F-4C35-88F7-A15DCFBF301B}
		{879EE6FA-AAD3-4F4D-8ADB-C78A05B470B0} = {16A63029-8DD0-4946-8107-5FAB9C7A4600}
	EndGlobalSection
	GlobalSection(ExtensibilityGlobals) = postSolution
		SolutionGuid = {EB24B5F5-6EDE-4EC7-99C1-BD4191F45989}
	EndGlobalSection
EndGlobal
